#MicroXplorer Configuration settings - do not modify
Mcu.Family=STM32F4
ProjectManager.MainLocation=Core/Src
ProjectManager.ProjectFileName=magnetic_sensor.ioc
RCC.CortexFreq_Value=67200000
ADC1.Rank-0\#ChannelRegularConversion=1
ProjectManager.KeepUserCode=true
Mcu.UserName=STM32F401RETx
PA10.Mode=Asynchronous
Mcu.PinsNb=7
ADC1.ContinuousConvMode=DISABLE
ProjectManager.NoMain=false
ADC1.IPParameters=Rank-0\#ChannelRegularConversion,master,Channel-0\#ChannelRegularConversion,SamplingTime-0\#ChannelRegularConversion,NbrOfConversionFlag,ContinuousConvMode,ClockPrescaler,EOCSelection
PC10.Locked=true
RCC.PLLCLKFreq_Value=67200000
PC10.Signal=GPIO_Output
RCC.PLLQCLKFreq_Value=33600000
ProjectManager.functionlistsort=1-MX_GPIO_Init-GPIO-false-HAL-true,2-SystemClock_Config-RCC-false-HAL-false,3-MX_ADC1_Init-ADC1-false-HAL-true,4-MX_USART1_UART_Init-USART1-false-HAL-true
RCC.RTCFreq_Value=32000
ProjectManager.DefaultFWLocation=true
ProjectManager.DeletePrevious=true
USART1.IPParameters=VirtualMode
RCC.APB1CLKDivider=RCC_HCLK_DIV2
STMicroelectronics.X-CUBE-ALGOBUILD.1.2.0.DSPOoLibraryJjLibrary_Checked=true
PinOutPanel.RotationAngle=0
RCC.SYSCLKSource=RCC_SYSCLKSOURCE_PLLCLK
ProjectManager.StackSize=0x400
Mcu.IP4=USART1
RCC.FCLKCortexFreq_Value=67200000
Mcu.IP2=RCC
NVIC.ADC_IRQn=true\:1\:0\:true\:false\:true\:true\:true
NVIC.SVCall_IRQn=true\:0\:0\:false\:false\:true\:false\:false
Mcu.IP3=SYS
Mcu.IP0=ADC1
PA9.Mode=Asynchronous
Mcu.IP1=NVIC
Mcu.UserConstants=
ProjectManager.TargetToolchain=STM32CubeIDE
Mcu.ThirdPartyNb=1
RCC.HCLKFreq_Value=67200000
Mcu.IPNb=5
RCC.I2SClocksFreq_Value=153600000
ProjectManager.PreviousToolchain=STM32CubeIDE
RCC.APB2TimFreq_Value=8400000
PA9.Signal=USART1_TX
RCC.VcooutputI2S=153600000
Mcu.Pin6=VP_STMicroelectronics.X-CUBE-ALGOBUILD_VS_DSPOoLibraryJjLibrary_1.2.0_1.2.0
ProjectManager.RegisterCallBack=
RCC.LSE_VALUE=32768
PA1.Signal=ADCx_IN1
RCC.AHBFreq_Value=67200000
Mcu.Pin0=PA1
Mcu.Pin1=PA5
GPIO.groupedBy=Group By Peripherals
Mcu.Pin2=PA9
Mcu.Pin3=PA10
Mcu.Pin4=PC10
RCC.VCOI2SOutputFreq_Value=307200000
Mcu.Pin5=VP_SYS_VS_Systick
PA5.Signal=GPIO_Output
ADC1.Channel-0\#ChannelRegularConversion=ADC_CHANNEL_1
ProjectManager.ProjectBuild=false
RCC.HSE_VALUE=25000000
NVIC.UsageFault_IRQn=true\:0\:0\:false\:false\:true\:false\:false
NVIC.DebugMonitor_IRQn=true\:0\:0\:false\:false\:true\:false\:false
board=custom
RCC.VCOOutputFreq_Value=134400000
NVIC.SysTick_IRQn=true\:0\:0\:false\:false\:true\:false\:true
ProjectManager.LastFirmware=true
VP_STMicroelectronics.X-CUBE-ALGOBUILD_VS_DSPOoLibraryJjLibrary_1.2.0_1.2.0.Signal=STMicroelectronics.X-CUBE-ALGOBUILD_VS_DSPOoLibraryJjLibrary_1.2.0_1.2.0
ProjectManager.FirmwarePackage=STM32Cube FW_F4 V1.26.1
MxDb.Version=DB.6.0.21
RCC.APB2Freq_Value=4200000
Mcu.ThirdParty0=STMicroelectronics.X-CUBE-ALGOBUILD.1.2.0
ProjectManager.BackupPrevious=false
MxCube.Version=6.2.1
RCC.VCOInputFreq_Value=1600000
SH.ADCx_IN1.ConfNb=1
File.Version=6
VP_SYS_VS_Systick.Mode=SysTick
NVIC.NonMaskableInt_IRQn=true\:0\:0\:false\:false\:true\:false\:false
NVIC.PendSV_IRQn=true\:0\:0\:false\:false\:true\:false\:false
ProjectManager.FreePins=false
RCC.IPParameters=48MHZClocksFreq_Value,AHBFreq_Value,APB1CLKDivider,APB1Freq_Value,APB1TimFreq_Value,APB2CLKDivider,APB2Freq_Value,APB2TimFreq_Value,CortexFreq_Value,FCLKCortexFreq_Value,HCLKFreq_Value,HSE_VALUE,HSI_VALUE,I2SClocksFreq_Value,LSE_VALUE,LSI_VALUE,MCO2PinFreq_Value,PLLCLKFreq_Value,PLLM,PLLN,PLLQCLKFreq_Value,RTCFreq_Value,RTCHSEDivFreq_Value,SYSCLKFreq_VALUE,SYSCLKSource,VCOI2SOutputFreq_Value,VCOInputFreq_Value,VCOOutputFreq_Value,VcooutputI2S
ProjectManager.AskForMigrate=true
Mcu.Name=STM32F401R(D-E)Tx
ProjectManager.HalAssertFull=false
ADC1.SamplingTime-0\#ChannelRegularConversion=ADC_SAMPLETIME_480CYCLES
RCC.RTCHSEDivFreq_Value=12500000
ProjectManager.ProjectName=magnetic_sensor
ProjectManager.UnderRoot=true
ProjectManager.CoupleFile=false
RCC.48MHZClocksFreq_Value=33600000
RCC.MCO2PinFreq_Value=67200000
RCC.SYSCLKFreq_VALUE=67200000
Mcu.Package=LQFP64
ADC1.master=1
PA5.Locked=true
NVIC.ForceEnableDMAVector=true
KeepUserPlacement=false
NVIC.MemoryManagement_IRQn=true\:0\:0\:false\:false\:true\:false\:false
USART1.VirtualMode=VM_ASYNC
ProjectManager.CompilerOptimize=6
STMicroelectronics.X-CUBE-ALGOBUILD.1.2.0.LibraryCcDSPOoLibraryJjDSPOoLibrary=true
ProjectManager.ToolChainLocation=
RCC.LSI_VALUE=32000
VP_SYS_VS_Systick.Signal=SYS_VS_Systick
PA10.Signal=USART1_RX
ProjectManager.HeapSize=0x200
NVIC.HardFault_IRQn=true\:0\:0\:false\:false\:true\:false\:false
ProjectManager.ComputerToolchain=false
RCC.HSI_VALUE=16000000
STMicroelectronics.X-CUBE-ALGOBUILD.1.2.0_SwParameter=LibraryCcDSPOoLibraryJjDSPOoLibrary\:true;
NVIC.PriorityGroup=NVIC_PRIORITYGROUP_4
ADC1.NbrOfConversionFlag=1
RCC.APB2CLKDivider=RCC_HCLK_DIV16
SH.ADCx_IN1.0=ADC1_IN1,IN1
RCC.PLLM=10
RCC.PLLN=84
RCC.APB1TimFreq_Value=67200000
NVIC.BusFault_IRQn=true\:0\:0\:false\:false\:true\:false\:false
STMicroelectronics.X-CUBE-ALGOBUILD.1.2.0.IPParameters=LibraryCcDSPOoLibraryJjDSPOoLibrary
VP_STMicroelectronics.X-CUBE-ALGOBUILD_VS_DSPOoLibraryJjLibrary_1.2.0_1.2.0.Mode=DSPOoLibraryJjLibrary
RCC.APB1Freq_Value=33600000
ADC1.EOCSelection=ADC_EOC_SINGLE_CONV
ADC1.ClockPrescaler=ADC_CLOCK_SYNC_PCLK_DIV6
ProjectManager.CustomerFirmwarePackage=
ProjectManager.DeviceId=STM32F401RETx
ProjectManager.LibraryCopy=1
isbadioc=false
